
Microsoft Visual Studio Solution File, Format Version 12.00
# Visual Studio 15
VisualStudioVersion = 15.0.27703.1
MinimumVisualStudioVersion = 10.0.40219.1
Project("{9A19103F-16F7-4668-BE54-9A1E7A4F7556}") = "mvc080518", "mvc080518.csproj", "{5B250117-4CC9-48BA-B93D-09C098277927}"
EndProject
Project("{E53339B2-1760-4266-BCC7-CA923CBCF16C}") = "docker-compose", "docker-compose.dcproj", "{292E2DDA-9C02-438D-B017-889214B23D27}"
EndProject
Global
	GlobalSection(SolutionConfigurationPlatforms) = preSolution
		Debug|Any CPU = Debug|Any CPU
		Release|Any CPU = Release|Any CPU
	EndGlobalSection
	GlobalSection(ProjectConfigurationPlatforms) = postSolution
		{5B250117-4CC9-48BA-B93D-09C098277927}.Debug|Any CPU.ActiveCfg = Debug|Any CPU
		{5B250117-4CC9-48BA-B93D-09C098277927}.Debug|Any CPU.Build.0 = Debug|Any CPU
		{5B250117-4CC9-48BA-B93D-09C098277927}.Release|Any CPU.ActiveCfg = Release|Any CPU
		{5B250117-4CC9-48BA-B93D-09C098277927}.Release|Any CPU.Build.0 = Release|Any CPU
		{292E2DDA-9C02-438D-B017-889214B23D27}.Debug|Any CPU.ActiveCfg = Debug|Any CPU
		{292E2DDA-9C02-438D-B017-889214B23D27}.Debug|Any CPU.Build.0 = Debug|Any CPU
		{292E2DDA-9C02-438D-B017-889214B23D27}.Release|Any CPU.ActiveCfg = Release|Any CPU
		{292E2DDA-9C02-438D-B017-889214B23D27}.Release|Any CPU.Build.0 = Release|Any CPU
	EndGlobalSection
	GlobalSection(SolutionProperties) = preSolution
		HideSolutionNode = FALSE
	EndGlobalSection
	GlobalSection(ExtensibilityGlobals) = postSolution
		SolutionGuid = {5351D97B-E385-42A5-AAF7-1F934A4A39D6}
	EndGlobalSection
EndGlobal
